<?xml version="1.0" encoding="utf-8"?>
<Project ToolsVersion="4.0" xmlns="http://schemas.microsoft.com/developer/msbuild/2003">
  <ItemGroup>
    <Filter Include="Source Files">
      <UniqueIdentifier>{4FC737F1-C7A5-4376-A066-2A32D752A2FF}</UniqueIdentifier>
      <Extensions>cpp;c;cc;cxx;def;odl;idl;hpj;bat;asm;asmx</Extensions>
    </Filter>
    <Filter Include="Header Files">
      <UniqueIdentifier>{93995380-89BD-4b04-88EB-625FBE52EBFB}</UniqueIdentifier>
      <Extensions>h;hh;hpp;hxx;hm;inl;inc;xsd</Extensions>
    </Filter>
    <Filter Include="Resource Files">
      <UniqueIdentifier>{67DA6AB6-F800-4c08-8B7A-83BB121AAD01}</UniqueIdentifier>
      <Extensions>rc;ico;cur;bmp;dlg;rc2;rct;bin;rgs;gif;jpg;jpeg;jpe;resx;tiff;tif;png;wav;mfcribbon-ms</Extensions>
    </Filter>
  </ItemGroup>
  <ItemGroup>
    <None Include="Light Server.ino" />
    <None Include="src\arduino folders read me.txt" />
  </ItemGroup>
  <ItemGroup>
    <ClCompile Include="src\Renderer.cpp">
      <Filter>Source Files</Filter>
    </ClCompile>
    <ClCompile Include="src\Adafruit_NeoPixel.cpp">
      <Filter>Source Files</Filter>
    </ClCompile>
    <ClCompile Include="src\StringProcessor.cpp">
      <Filter>Source Files</Filter>
    </ClCompile>
    <ClCompile Include="src\FixedSizeCharBuffer.cpp">
      <Filter>Source Files</Filter>
    </ClCompile>
    <ClCompile Include="src\LPI\ClearNonAnimatedLPI.cpp">
      <Filter>Source Files</Filter>
    </ClCompile>
    <ClCompile Include="src\LPI\LPI.cpp">
      <Filter>Source Files</Filter>
    </ClCompile>
    <ClCompile Include="src\LPI\NonAnimatedLPI.cpp">
      <Filter>Source Files</Filter>
    </ClCompile>
    <ClCompile Include="src\LPI\SolidNonAnimatedLPI.cpp">
      <Filter>Source Files</Filter>
    </ClCompile>
    <ClCompile Include="src\LPI\AnimatedLPI.cpp">
      <Filter>Source Files</Filter>
    </ClCompile>
    <ClCompile Include="src\LPI\SliderAnimatedLPI.cpp">
      <Filter>Source Files</Filter>
    </ClCompile>
    <ClCompile Include="src\LPI\PatternNonAnimatedLPI.cpp">
      <Filter>Source Files</Filter>
    </ClCompile>
    <ClCompile Include="src\LPI\FadeAnimatedLPI.cpp">
      <Filter>Source Files</Filter>
    </ClCompile>
    <ClCompile Include="src\LPI\StochasticNonAnimatedLPI.cpp">
      <Filter>Source Files</Filter>
    </ClCompile>
    <ClCompile Include="src\LPI\BlocksNonAnimatedLPI.cpp">
      <Filter>Source Files</Filter>
    </ClCompile>
    <ClCompile Include="src\LPE.cpp">
      <Filter>Source Files</Filter>
    </ClCompile>
    <ClCompile Include="src\MemoryFree.cpp">
      <Filter>Source Files</Filter>
    </ClCompile>
    <ClCompile Include="src\LightWebServer.cpp">
      <Filter>Source Files</Filter>
    </ClCompile>
    <ClCompile Include="src\Commands\InvalidCommand.cpp">
      <Filter>Source Files</Filter>
    </ClCompile>
    <ClCompile Include="src\Commands\NoAuthCommand.cpp">
      <Filter>Source Files</Filter>
    </ClCompile>
    <ClCompile Include="src\Commands\PowerOffCommand.cpp">
      <Filter>Source Files</Filter>
    </ClCompile>
    <ClCompile Include="src\Commands\PowerOnCommand.cpp">
      <Filter>Source Files</Filter>
    </ClCompile>
    <ClCompile Include="src\Commands\LoadProgramCommand.cpp">
      <Filter>Source Files</Filter>
    </ClCompile>
    <ClCompile Include="src\Commands\CheckPowerCommand.cpp">
      <Filter>Source Files</Filter>
    </ClCompile>
    <ClCompile Include="src\Commands\GetAboutCommand.cpp">
      <Filter>Source Files</Filter>
    </ClCompile>
    <ClCompile Include="src\Commands\SetLedsCommand.cpp">
      <Filter>Source Files</Filter>
    </ClCompile>
    <ClCompile Include="src\CommandExecutor.cpp">
      <Filter>Source Files</Filter>
    </ClCompile>
    <ClCompile Include="src\ArduinoLog.cpp">
      <Filter>Source Files</Filter>
    </ClCompile>
    <ClCompile Include="src\AppLogger.cpp">
      <Filter>Source Files</Filter>
    </ClCompile>
  </ItemGroup>
  <ItemGroup>
    <ClInclude Include="src\Renderer.h">
      <Filter>Header Files</Filter>
    </ClInclude>
    <ClInclude Include="__vm\.Light Server.vsarduino.h">
      <Filter>Header Files</Filter>
    </ClInclude>
    <ClInclude Include="src\Adafruit_NeoPixel.h">
      <Filter>Header Files</Filter>
    </ClInclude>
    <ClInclude Include="src\pins_arduino.h">
      <Filter>Header Files</Filter>
    </ClInclude>
    <ClInclude Include="src\StringProcessor.h">
      <Filter>Header Files</Filter>
    </ClInclude>
    <ClInclude Include="src\DomainInterfaces.h">
      <Filter>Header Files</Filter>
    </ClInclude>
    <ClInclude Include="src\ValueDomainTypes.h">
      <Filter>Header Files</Filter>
    </ClInclude>
    <ClInclude Include="src\FixedSizeCharBuffer.h">
      <Filter>Header Files</Filter>
    </ClInclude>
    <ClInclude Include="src\WProgram.h">
      <Filter>Header Files</Filter>
    </ClInclude>
    <ClInclude Include="src\LPI\ClearNonAnimatedLPI.h">
      <Filter>Header Files</Filter>
    </ClInclude>
    <ClInclude Include="src\LPI\LPI.h">
      <Filter>Header Files</Filter>
    </ClInclude>
    <ClInclude Include="src\LPI\NonAnimatedLPI.h">
      <Filter>Header Files</Filter>
    </ClInclude>
    <ClInclude Include="src\LPI\SolidNonAnimatedLPI.h">
      <Filter>Header Files</Filter>
    </ClInclude>
    <ClInclude Include="src\LPI\AnimatedLPI.h">
      <Filter>Header Files</Filter>
    </ClInclude>
    <ClInclude Include="src\LPI\SliderAnimatedLPI.h">
      <Filter>Header Files</Filter>
    </ClInclude>
    <ClInclude Include="src\LPI\PatternNonAnimatedLPI.h">
      <Filter>Header Files</Filter>
    </ClInclude>
    <ClInclude Include="src\LPI\FadeAnimatedLPI.h">
      <Filter>Header Files</Filter>
    </ClInclude>
    <ClInclude Include="src\LPI\StochasticNonAnimatedLPI.h">
      <Filter>Header Files</Filter>
    </ClInclude>
    <ClInclude Include="src\LPI\BlocksNonAnimatedLPI.h">
      <Filter>Header Files</Filter>
    </ClInclude>
    <ClInclude Include="src\LPE.h">
      <Filter>Header Files</Filter>
    </ClInclude>
    <ClInclude Include="src\MemoryFree.h">
      <Filter>Header Files</Filter>
    </ClInclude>
    <ClInclude Include="src\WebServer.h">
      <Filter>Header Files</Filter>
    </ClInclude>
    <ClInclude Include="src\LightWebServer.h">
      <Filter>Header Files</Filter>
    </ClInclude>
    <ClInclude Include="src\Commands\ICommand.h">
      <Filter>Header Files</Filter>
    </ClInclude>
    <ClInclude Include="src\Commands\InvalidCommand.h">
      <Filter>Header Files</Filter>
    </ClInclude>
    <ClInclude Include="src\Commands\NoAuthCommand.h">
      <Filter>Header Files</Filter>
    </ClInclude>
    <ClInclude Include="src\Commands\PowerOffCommand.h">
      <Filter>Header Files</Filter>
    </ClInclude>
    <ClInclude Include="src\Commands\PowerOnCommand.h">
      <Filter>Header Files</Filter>
    </ClInclude>
    <ClInclude Include="src\Commands\LoadProgramCommand.h">
      <Filter>Header Files</Filter>
    </ClInclude>
    <ClInclude Include="src\Commands\CheckPowerCommand.h">
      <Filter>Header Files</Filter>
    </ClInclude>
    <ClInclude Include="src\Commands\GetAboutCommand.h">
      <Filter>Header Files</Filter>
    </ClInclude>
    <ClInclude Include="src\Commands\SetLedsCommand.h">
      <Filter>Header Files</Filter>
    </ClInclude>
    <ClInclude Include="src\CommandExecutor.h">
      <Filter>Header Files</Filter>
    </ClInclude>
    <ClInclude Include="src\ArduinoLog.h">
      <Filter>Header Files</Filter>
    </ClInclude>
    <ClInclude Include="src\ArduinoJson-v6.12.0.h">
      <Filter>Header Files</Filter>
    </ClInclude>
    <ClInclude Include="src\AppLogger.h">
      <Filter>Header Files</Filter>
    </ClInclude>
    <ClInclude Include="__vm\.Light-Server.vsarduino.h">
      <Filter>Header Files</Filter>
    </ClInclude>
  </ItemGroup>
</Project>