<?xml version="1.0" encoding="utf-8"?>
<Project ToolsVersion="4.0" xmlns="http://schemas.microsoft.com/developer/msbuild/2003">
  <ItemGroup>
    <Filter Include="Source Files">
      <UniqueIdentifier>{4FC737F1-C7A5-4376-A066-2A32D752A2FF}</UniqueIdentifier>
      <Extensions>cpp;c;cc;cxx;def;odl;idl;hpj;bat;asm;asmx</Extensions>
    </Filter>
    <Filter Include="Header Files">
      <UniqueIdentifier>{93995380-89BD-4b04-88EB-625FBE52EBFB}</UniqueIdentifier>
      <Extensions>h;hh;hpp;hxx;hm;inl;inc;xsd</Extensions>
    </Filter>
    <Filter Include="Resource Files">
      <UniqueIdentifier>{67DA6AB6-F800-4c08-8B7A-83BB121AAD01}</UniqueIdentifier>
      <Extensions>rc;ico;cur;bmp;dlg;rc2;rct;bin;rgs;gif;jpg;jpeg;jpe;resx;tiff;tif;png;wav;mfcribbon-ms</Extensions>
    </Filter>
  </ItemGroup>
  <ItemGroup>
    <None Include="Light Server.ino" />
    <None Include="src\arduino folders read me.txt" />
  </ItemGroup>
  <ItemGroup>
    <ClCompile Include="src\Adafruit_NeoPixel.cpp">
      <Filter>Source Files</Filter>
    </ClCompile>
    <ClCompile Include="src\StringProcessor.cpp">
      <Filter>Source Files</Filter>
    </ClCompile>
    <ClCompile Include="src\FixedSizeCharBuffer.cpp">
      <Filter>Source Files</Filter>
    </ClCompile>
    <ClCompile Include="src\MemoryFree.cpp">
      <Filter>Source Files</Filter>
    </ClCompile>
    <ClCompile Include="src\Commands\InvalidCommand.cpp">
      <Filter>Source Files</Filter>
    </ClCompile>
    <ClCompile Include="src\Commands\NoAuthCommand.cpp">
      <Filter>Source Files</Filter>
    </ClCompile>
    <ClCompile Include="src\Commands\PowerOffCommand.cpp">
      <Filter>Source Files</Filter>
    </ClCompile>
    <ClCompile Include="src\Commands\PowerOnCommand.cpp">
      <Filter>Source Files</Filter>
    </ClCompile>
    <ClCompile Include="src\Commands\LoadProgramCommand.cpp">
      <Filter>Source Files</Filter>
    </ClCompile>
    <ClCompile Include="src\Commands\CheckPowerCommand.cpp">
      <Filter>Source Files</Filter>
    </ClCompile>
    <ClCompile Include="src\Commands\GetAboutCommand.cpp">
      <Filter>Source Files</Filter>
    </ClCompile>
    <ClCompile Include="src\Commands\SetLedsCommand.cpp">
      <Filter>Source Files</Filter>
    </ClCompile>
    <ClCompile Include="src\ArduinoLog.cpp">
      <Filter>Source Files</Filter>
    </ClCompile>
    <ClCompile Include="src\AppLogger.cpp">
      <Filter>Source Files</Filter>
    </ClCompile>
    <ClCompile Include="src\LPE\Validation\IJsonInstructionValidator.h">
      <Filter>Source Files</Filter>
    </ClCompile>
    <ClCompile Include="src\LPE\Validation\LpiJsonInstructionValidator.cpp">
      <Filter>Source Files</Filter>
    </ClCompile>
    <ClCompile Include="src\LPE\Validation\RepeatJsonInstructionValidator.cpp">
      <Filter>Source Files</Filter>
    </ClCompile>
    <ClCompile Include="src\LPE\Validation\LpJsonValidator.cpp">
      <Filter>Source Files</Filter>
    </ClCompile>
    <ClCompile Include="src\LPE\Validation\JsonInstructionValidatorFactory.cpp">
      <Filter>Source Files</Filter>
    </ClCompile>
    <ClCompile Include="src\LPE\Instructions\Instruction.cpp">
      <Filter>Source Files</Filter>
    </ClCompile>
    <ClCompile Include="src\LPE\Instructions\InstructionWithChild.cpp">
      <Filter>Source Files</Filter>
    </ClCompile>
    <ClCompile Include="src\LPE\Instructions\LpInstruction.cpp">
      <Filter>Source Files</Filter>
    </ClCompile>
    <ClCompile Include="src\LPE\Instructions\RepeatInstruction.cpp">
      <Filter>Source Files</Filter>
    </ClCompile>
    <ClCompile Include="src\LPE\StateBuilder\LpState.cpp">
      <Filter>Source Files</Filter>
    </ClCompile>
    <ClCompile Include="src\LPE\StateBuilder\LpJsonState.cpp">
      <Filter>Source Files</Filter>
    </ClCompile>
    <ClCompile Include="src\LPE\StateBuilder\RepeatJsonInstructionBuilder.cpp">
      <Filter>Source Files</Filter>
    </ClCompile>
    <ClCompile Include="src\LPE\StateBuilder\LpJsonInstructionBuilder.cpp">
      <Filter>Source Files</Filter>
    </ClCompile>
    <ClCompile Include="src\LPE\StateBuilder\JsonInstructionBuilderFactory.cpp">
      <Filter>Source Files</Filter>
    </ClCompile>
    <ClCompile Include="src\LPE\StateBuilder\LpJsonStateBuilder.cpp">
      <Filter>Source Files</Filter>
    </ClCompile>
    <ClCompile Include="src\LPE\Executor\LpExecutor.cpp">
      <Filter>Source Files</Filter>
    </ClCompile>
    <ClCompile Include="src\LPE\LpiExecutors\LpiExecutorOutput.cpp">
      <Filter>Source Files</Filter>
    </ClCompile>
    <ClCompile Include="src\LPE\LpiExecutors\LpiExecutor.cpp">
      <Filter>Source Files</Filter>
    </ClCompile>
    <ClCompile Include="src\LPE\LpiExecutors\NonAnimatedLpiExecutors\ClearNonAnimatedLpiExecutor.cpp">
      <Filter>Source Files</Filter>
    </ClCompile>
    <ClCompile Include="src\LPE\LpiExecutors\LpiExecutorFactory.cpp">
      <Filter>Source Files</Filter>
    </ClCompile>
    <ClCompile Include="src\LPE\LpiExecutors\AnimatedLpiExecutors\SliderAnimatedLpiExecutor.cpp">
      <Filter>Source Files</Filter>
    </ClCompile>
    <ClCompile Include="src\LPE\LpiExecutors\LpiExecutorParams.cpp">
      <Filter>Source Files</Filter>
    </ClCompile>
    <ClCompile Include="src\LPE\LpiExecutors\NonAnimatedLpiExecutors\NonAnimatedLpiExecutor.cpp">
      <Filter>Source Files</Filter>
    </ClCompile>
    <ClCompile Include="src\LPE\LpiExecutors\NonAnimatedLpiExecutors\SolidNonAnimatedLpiExecutor.cpp">
      <Filter>Source Files</Filter>
    </ClCompile>
    <ClCompile Include="src\LPE\LpiExecutors\NonAnimatedLpiExecutors\PatternNonAnimatedLpiExecutor.cpp">
      <Filter>Source Files</Filter>
    </ClCompile>
    <ClCompile Include="src\LPE\LpiExecutors\AnimatedLpiExecutors\FadeAnimatedLpiExecutor.cpp">
      <Filter>Source Files</Filter>
    </ClCompile>
    <ClCompile Include="src\LPE\LpiExecutors\NonAnimatedLpiExecutors\StochasticNonAnimatedLpiExecutor.cpp">
      <Filter>Source Files</Filter>
    </ClCompile>
    <ClCompile Include="src\LPE\LpiExecutors\NonAnimatedLpiExecutors\BlocksNonAnimatedLpiExecutor.cpp">
      <Filter>Source Files</Filter>
    </ClCompile>
    <ClCompile Include="src\LPE\LpiExecutors\AnimatedLpiExecutors\RainbowAnimatedLpiExecutor.cpp">
      <Filter>Source Files</Filter>
    </ClCompile>
    <ClCompile Include="src\Renderer\PixelRenderer.cpp">
      <Filter>Source Files</Filter>
    </ClCompile>
    <ClCompile Include="src\Commands\CommandFactory.cpp">
      <Filter>Source Files</Filter>
    </ClCompile>
    <ClCompile Include="src\Orchastrator\Timer.h">
      <Filter>Source Files</Filter>
    </ClCompile>
    <ClCompile Include="src\Orchastrator\Timer.cpp">
      <Filter>Source Files</Filter>
    </ClCompile>
    <ClCompile Include="src\Orchastrator\LightServerOrchastrator.cpp">
      <Filter>Source Files</Filter>
    </ClCompile>
    <ClCompile Include="src\LightWebServer.cpp">
      <Filter>Source Files</Filter>
    </ClCompile>
  </ItemGroup>
  <ItemGroup>
    <ClInclude Include="__vm\.Light Server.vsarduino.h">
      <Filter>Header Files</Filter>
    </ClInclude>
    <ClInclude Include="src\Adafruit_NeoPixel.h">
      <Filter>Header Files</Filter>
    </ClInclude>
    <ClInclude Include="src\pins_arduino.h">
      <Filter>Header Files</Filter>
    </ClInclude>
    <ClInclude Include="src\StringProcessor.h">
      <Filter>Header Files</Filter>
    </ClInclude>
    <ClInclude Include="src\DomainInterfaces.h">
      <Filter>Header Files</Filter>
    </ClInclude>
    <ClInclude Include="src\ValueDomainTypes.h">
      <Filter>Header Files</Filter>
    </ClInclude>
    <ClInclude Include="src\FixedSizeCharBuffer.h">
      <Filter>Header Files</Filter>
    </ClInclude>
    <ClInclude Include="src\WProgram.h">
      <Filter>Header Files</Filter>
    </ClInclude>
    <ClInclude Include="src\MemoryFree.h">
      <Filter>Header Files</Filter>
    </ClInclude>
    <ClInclude Include="src\WebServer.h">
      <Filter>Header Files</Filter>
    </ClInclude>
    <ClInclude Include="src\Commands\ICommand.h">
      <Filter>Header Files</Filter>
    </ClInclude>
    <ClInclude Include="src\Commands\InvalidCommand.h">
      <Filter>Header Files</Filter>
    </ClInclude>
    <ClInclude Include="src\Commands\NoAuthCommand.h">
      <Filter>Header Files</Filter>
    </ClInclude>
    <ClInclude Include="src\Commands\PowerOffCommand.h">
      <Filter>Header Files</Filter>
    </ClInclude>
    <ClInclude Include="src\Commands\PowerOnCommand.h">
      <Filter>Header Files</Filter>
    </ClInclude>
    <ClInclude Include="src\Commands\LoadProgramCommand.h">
      <Filter>Header Files</Filter>
    </ClInclude>
    <ClInclude Include="src\Commands\CheckPowerCommand.h">
      <Filter>Header Files</Filter>
    </ClInclude>
    <ClInclude Include="src\Commands\GetAboutCommand.h">
      <Filter>Header Files</Filter>
    </ClInclude>
    <ClInclude Include="src\Commands\SetLedsCommand.h">
      <Filter>Header Files</Filter>
    </ClInclude>
    <ClInclude Include="src\ArduinoLog.h">
      <Filter>Header Files</Filter>
    </ClInclude>
    <ClInclude Include="src\AppLogger.h">
      <Filter>Header Files</Filter>
    </ClInclude>
    <ClInclude Include="__vm\.Light-Server.vsarduino.h">
      <Filter>Header Files</Filter>
    </ClInclude>
    <ClInclude Include="src\ArduinoJson-v6.17.2.h">
      <Filter>Header Files</Filter>
    </ClInclude>
    <ClInclude Include="src\LPE\Validation\LpiJsonInstructionValidator.h">
      <Filter>Header Files</Filter>
    </ClInclude>
    <ClInclude Include="src\LPE\Validation\RepeatJsonInstructionValidator.h">
      <Filter>Header Files</Filter>
    </ClInclude>
    <ClInclude Include="src\LPE\Validation\LpJsonValidator.h">
      <Filter>Header Files</Filter>
    </ClInclude>
    <ClInclude Include="src\LPE\Validation\JsonInstructionValidatorFactory.h">
      <Filter>Header Files</Filter>
    </ClInclude>
    <ClInclude Include="src\LPE\Instructions\Instruction.h">
      <Filter>Header Files</Filter>
    </ClInclude>
    <ClInclude Include="src\LPE\Instructions\InstructionWithChild.h">
      <Filter>Header Files</Filter>
    </ClInclude>
    <ClInclude Include="src\LPE\Instructions\LpInstruction.h">
      <Filter>Header Files</Filter>
    </ClInclude>
    <ClInclude Include="src\LPE\Instructions\RepeatInstruction.h">
      <Filter>Header Files</Filter>
    </ClInclude>
    <ClInclude Include="src\LPE\StateBuilder\LpState.h">
      <Filter>Header Files</Filter>
    </ClInclude>
    <ClInclude Include="src\LPE\StateBuilder\LpJsonState.h">
      <Filter>Header Files</Filter>
    </ClInclude>
    <ClInclude Include="src\LPE\StateBuilder\IJsonInstructionBuilder.h">
      <Filter>Header Files</Filter>
    </ClInclude>
    <ClInclude Include="src\LPE\StateBuilder\RepeatJsonInstructionBuilder.h">
      <Filter>Header Files</Filter>
    </ClInclude>
    <ClInclude Include="src\LPE\StateBuilder\LpJsonInstructionBuilder.h">
      <Filter>Header Files</Filter>
    </ClInclude>
    <ClInclude Include="src\LPE\StateBuilder\JsonInstructionBuilderFactory.h">
      <Filter>Header Files</Filter>
    </ClInclude>
    <ClInclude Include="src\LPE\InstructionType.h">
      <Filter>Header Files</Filter>
    </ClInclude>
    <ClInclude Include="src\LPE\StateBuilder\LpJsonStateBuilder.h">
      <Filter>Header Files</Filter>
    </ClInclude>
    <ClInclude Include="src\LPE\Executor\LpExecutor.h">
      <Filter>Header Files</Filter>
    </ClInclude>
    <ClInclude Include="src\LPE\LpiExecutors\LpiExecutorOutput.h">
      <Filter>Header Files</Filter>
    </ClInclude>
    <ClInclude Include="src\LPE\LpiExecutors\LpiExecutor.h">
      <Filter>Header Files</Filter>
    </ClInclude>
    <ClInclude Include="src\LPE\LpiExecutors\NonAnimatedLpiExecutors\NonAnimatedLpiExecutor.h">
      <Filter>Header Files</Filter>
    </ClInclude>
    <ClInclude Include="src\LPE\LpiExecutors\AnimatedLpiExecutors\AnimatedLpiExecutor.h">
      <Filter>Header Files</Filter>
    </ClInclude>
    <ClInclude Include="src\LPE\LpiExecutors\NonAnimatedLpiExecutors\ClearNonAnimatedLpiExecutor.h">
      <Filter>Header Files</Filter>
    </ClInclude>
    <ClInclude Include="src\LPE\LpiExecutors\LpiExecutorFactory.h">
      <Filter>Header Files</Filter>
    </ClInclude>
    <ClInclude Include="src\LPE\LpiExecutors\AnimatedLpiExecutors\SliderAnimatedLpiExecutor.h">
      <Filter>Header Files</Filter>
    </ClInclude>
    <ClInclude Include="src\LPE\LpiExecutors\LpiExecutorParams.h">
      <Filter>Header Files</Filter>
    </ClInclude>
    <ClInclude Include="src\LPE\LpiExecutors\NonAnimatedLpiExecutors\SolidNonAnimatedLpiExecutor.h">
      <Filter>Header Files</Filter>
    </ClInclude>
    <ClInclude Include="src\LPE\LpiExecutors\NonAnimatedLpiExecutors\PatternNonAnimatedLpiExecutor.h">
      <Filter>Header Files</Filter>
    </ClInclude>
    <ClInclude Include="src\LPE\LpiExecutors\AnimatedLpiExecutors\FadeAnimatedLpiExecutor.h">
      <Filter>Header Files</Filter>
    </ClInclude>
    <ClInclude Include="src\LPE\LpiExecutors\NonAnimatedLpiExecutors\StochasticNonAnimatedLpiExecutor.h">
      <Filter>Header Files</Filter>
    </ClInclude>
    <ClInclude Include="src\LPE\LpiExecutors\NonAnimatedLpiExecutors\BlocksNonAnimatedLpiExecutor.h">
      <Filter>Header Files</Filter>
    </ClInclude>
    <ClInclude Include="src\LPE\LpiExecutors\AnimatedLpiExecutors\RainbowAnimatedLpiExecutor.h">
      <Filter>Header Files</Filter>
    </ClInclude>
    <ClInclude Include="src\Renderer\PixelRenderer.h">
      <Filter>Header Files</Filter>
    </ClInclude>
    <ClInclude Include="src\Commands\CommandFactory.h">
      <Filter>Header Files</Filter>
    </ClInclude>
    <ClInclude Include="src\Orchastrator\IOrchastor.h">
      <Filter>Header Files</Filter>
    </ClInclude>
    <ClInclude Include="src\Orchastrator\ArduinoTimer.h">
      <Filter>Header Files</Filter>
    </ClInclude>
    <ClInclude Include="src\Orchastrator\LightServerOrchastrator.h">
      <Filter>Header Files</Filter>
    </ClInclude>
    <ClInclude Include="src\LightWebServer.h">
      <Filter>Header Files</Filter>
    </ClInclude>
  </ItemGroup>
</Project>